
Microsoft Visual Studio Solution File, Format Version 12.00
# Visual Studio Version 16
VisualStudioVersion = 16.0.29920.165
MinimumVisualStudioVersion = 10.0.40219.1
Project("{FAE04EC0-301F-11D3-BF4B-00C04F79EFBC}") = "MyCodeKatas", "MyCodeKatas\MyCodeKatas.csproj", "{F82066B6-46E5-4F03-8365-8C68EDD0CB69}"
EndProject
Project("{FAE04EC0-301F-11D3-BF4B-00C04F79EFBC}") = "Kata13_CountingCodeLines", "Kata13_CountingCodeLines\Kata13_CountingCodeLines.csproj", "{3194F704-2DC8-4B38-AC59-F4FDCC32E272}"
EndProject
Project("{FAE04EC0-301F-11D3-BF4B-00C04F79EFBC}") = "Kata04_DataMunging", "Kata04_DataMunging\Kata04_DataMunging.csproj", "{57B7E805-73B7-41E4-B8C4-63EA25C23ABC}"
EndProject
Project("{FAE04EC0-301F-11D3-BF4B-00C04F79EFBC}") = "Kata02_KarateChop", "Kata02_KarateChop\Kata02_KarateChop.csproj", "{F41D8EBB-61E9-4C56-8785-3E91B3A43537}"
EndProject
Project("{2150E333-8FDC-42A3-9474-1A3956D46DE8}") = "Tests", "Tests", "{F68D243A-0DBC-41B0-93AD-7D6C47D559A6}"
EndProject
Project("{FAE04EC0-301F-11D3-BF4B-00C04F79EFBC}") = "Kata02_KarateChopTests", "Kata02_KarateChopTests\Kata02_KarateChopTests.csproj", "{B43D6E29-D7AE-4DDD-BAF9-256AA1338E7D}"
EndProject
Project("{FAE04EC0-301F-11D3-BF4B-00C04F79EFBC}") = "Kata06_Anagrams", "Kata06_Anagrams\Kata06_Anagrams.csproj", "{48993066-F2B8-4527-A5DD-59DE98FB2315}"
EndProject
Project("{FAE04EC0-301F-11D3-BF4B-00C04F79EFBC}") = "Kata08_ConflictingObjectives", "Kata08_ConflictingObjectives\Kata08_ConflictingObjectives.csproj", "{F8030364-F8DC-467C-AF61-B68EE8DF78F5}"
EndProject
Global
	GlobalSection(SolutionConfigurationPlatforms) = preSolution
		Debug|Any CPU = Debug|Any CPU
		Release|Any CPU = Release|Any CPU
	EndGlobalSection
	GlobalSection(ProjectConfigurationPlatforms) = postSolution
		{F82066B6-46E5-4F03-8365-8C68EDD0CB69}.Debug|Any CPU.ActiveCfg = Debug|Any CPU
		{F82066B6-46E5-4F03-8365-8C68EDD0CB69}.Debug|Any CPU.Build.0 = Debug|Any CPU
		{F82066B6-46E5-4F03-8365-8C68EDD0CB69}.Release|Any CPU.ActiveCfg = Release|Any CPU
		{F82066B6-46E5-4F03-8365-8C68EDD0CB69}.Release|Any CPU.Build.0 = Release|Any CPU
		{3194F704-2DC8-4B38-AC59-F4FDCC32E272}.Debug|Any CPU.ActiveCfg = Debug|Any CPU
		{3194F704-2DC8-4B38-AC59-F4FDCC32E272}.Debug|Any CPU.Build.0 = Debug|Any CPU
		{3194F704-2DC8-4B38-AC59-F4FDCC32E272}.Release|Any CPU.ActiveCfg = Release|Any CPU
		{3194F704-2DC8-4B38-AC59-F4FDCC32E272}.Release|Any CPU.Build.0 = Release|Any CPU
		{57B7E805-73B7-41E4-B8C4-63EA25C23ABC}.Debug|Any CPU.ActiveCfg = Debug|Any CPU
		{57B7E805-73B7-41E4-B8C4-63EA25C23ABC}.Debug|Any CPU.Build.0 = Debug|Any CPU
		{57B7E805-73B7-41E4-B8C4-63EA25C23ABC}.Release|Any CPU.ActiveCfg = Release|Any CPU
		{57B7E805-73B7-41E4-B8C4-63EA25C23ABC}.Release|Any CPU.Build.0 = Release|Any CPU
		{F41D8EBB-61E9-4C56-8785-3E91B3A43537}.Debug|Any CPU.ActiveCfg = Debug|Any CPU
		{F41D8EBB-61E9-4C56-8785-3E91B3A43537}.Debug|Any CPU.Build.0 = Debug|Any CPU
		{F41D8EBB-61E9-4C56-8785-3E91B3A43537}.Release|Any CPU.ActiveCfg = Release|Any CPU
		{F41D8EBB-61E9-4C56-8785-3E91B3A43537}.Release|Any CPU.Build.0 = Release|Any CPU
		{B43D6E29-D7AE-4DDD-BAF9-256AA1338E7D}.Debug|Any CPU.ActiveCfg = Debug|Any CPU
		{B43D6E29-D7AE-4DDD-BAF9-256AA1338E7D}.Debug|Any CPU.Build.0 = Debug|Any CPU
		{B43D6E29-D7AE-4DDD-BAF9-256AA1338E7D}.Release|Any CPU.ActiveCfg = Release|Any CPU
		{B43D6E29-D7AE-4DDD-BAF9-256AA1338E7D}.Release|Any CPU.Build.0 = Release|Any CPU
		{48993066-F2B8-4527-A5DD-59DE98FB2315}.Debug|Any CPU.ActiveCfg = Debug|Any CPU
		{48993066-F2B8-4527-A5DD-59DE98FB2315}.Debug|Any CPU.Build.0 = Debug|Any CPU
		{48993066-F2B8-4527-A5DD-59DE98FB2315}.Release|Any CPU.ActiveCfg = Release|Any CPU
		{48993066-F2B8-4527-A5DD-59DE98FB2315}.Release|Any CPU.Build.0 = Release|Any CPU
		{F8030364-F8DC-467C-AF61-B68EE8DF78F5}.Debug|Any CPU.ActiveCfg = Debug|Any CPU
		{F8030364-F8DC-467C-AF61-B68EE8DF78F5}.Debug|Any CPU.Build.0 = Debug|Any CPU
		{F8030364-F8DC-467C-AF61-B68EE8DF78F5}.Release|Any CPU.ActiveCfg = Release|Any CPU
		{F8030364-F8DC-467C-AF61-B68EE8DF78F5}.Release|Any CPU.Build.0 = Release|Any CPU
	EndGlobalSection
	GlobalSection(SolutionProperties) = preSolution
		HideSolutionNode = FALSE
	EndGlobalSection
	GlobalSection(NestedProjects) = preSolution
		{B43D6E29-D7AE-4DDD-BAF9-256AA1338E7D} = {F68D243A-0DBC-41B0-93AD-7D6C47D559A6}
	EndGlobalSection
	GlobalSection(ExtensibilityGlobals) = postSolution
		SolutionGuid = {4D140BEE-B9C3-49E7-9264-A6AE0CFEFAA1}
	EndGlobalSection
EndGlobal
